
Microsoft Visual Studio Solution File, Format Version 12.00
# Visual Studio Version 17
VisualStudioVersion = 17.10.35004.147
MinimumVisualStudioVersion = 10.0.40219.1
Project("{FAE04EC0-301F-11D3-BF4B-00C04F79EFBC}") = "PetsV", "PetsV\PetsV.csproj", "{C0D33B5D-1FE4-4A3C-8118-125C123AB854}"
EndProject
Global
	GlobalSection(SolutionConfigurationPlatforms) = preSolution
		Debug|Any CPU = Debug|Any CPU
		Release|Any CPU = Release|Any CPU
	EndGlobalSection
	GlobalSection(ProjectConfigurationPlatforms) = postSolution
		{C0D33B5D-1FE4-4A3C-8118-125C123AB854}.Debug|Any CPU.ActiveCfg = Debug|Any CPU
		{C0D33B5D-1FE4-4A3C-8118-125C123AB854}.Debug|Any CPU.Build.0 = Debug|Any CPU
		{C0D33B5D-1FE4-4A3C-8118-125C123AB854}.Release|Any CPU.ActiveCfg = Release|Any CPU
		{C0D33B5D-1FE4-4A3C-8118-125C123AB854}.Release|Any CPU.Build.0 = Release|Any CPU
	EndGlobalSection
	GlobalSection(SolutionProperties) = preSolution
		HideSolutionNode = FALSE
	EndGlobalSection
	GlobalSection(ExtensibilityGlobals) = postSolution
		SolutionGuid = {1E9E4392-DB3E-4B56-AA4D-06670821EBE0}
	EndGlobalSection
EndGlobal
